// !$*UTF8*$!
{
	archiveVersion = 1;
	classes = {
	};
	objectVersion = 46;
	objects = {

/* Begin PBXBuildFile section */
		5C08FB9D1D051B0C007905AF /* RACustomCamera+RAExtension.swift in Sources */ = {isa = PBXBuildFile; fileRef = 5C08FB9C1D051B0C007905AF /* RACustomCamera+RAExtension.swift */; };
		D81E94941D0170A500251F86 /* RAAuthorizationStatusTool.swift in Sources */ = {isa = PBXBuildFile; fileRef = D81E94931D0170A500251F86 /* RAAuthorizationStatusTool.swift */; };
		D84603071CFBE75A000AAE83 /* RAConstant.swift in Sources */ = {isa = PBXBuildFile; fileRef = D84603061CFBE75A000AAE83 /* RAConstant.swift */; };
		D84603091CFD5F7E000AAE83 /* RAPhotoSaveTool.swift in Sources */ = {isa = PBXBuildFile; fileRef = D84603081CFD5F7E000AAE83 /* RAPhotoSaveTool.swift */; };
		D846030B1CFD616E000AAE83 /* PhotosUI.framework in Frameworks */ = {isa = PBXBuildFile; fileRef = D846030A1CFD616E000AAE83 /* PhotosUI.framework */; };
		D846030D1CFD617E000AAE83 /* Photos.framework in Frameworks */ = {isa = PBXBuildFile; fileRef = D846030C1CFD617E000AAE83 /* Photos.framework */; };
		D8E2E7661CF84E1D005B444F /* AppDelegate.swift in Sources */ = {isa = PBXBuildFile; fileRef = D8E2E7651CF84E1D005B444F /* AppDelegate.swift */; };
		D8E2E7681CF84E1D005B444F /* ViewController.swift in Sources */ = {isa = PBXBuildFile; fileRef = D8E2E7671CF84E1D005B444F /* ViewController.swift */; };
		D8E2E76B1CF84E1D005B444F /* Main.storyboard in Resources */ = {isa = PBXBuildFile; fileRef = D8E2E7691CF84E1D005B444F /* Main.storyboard */; };
		D8E2E76D1CF84E1D005B444F /* Assets.xcassets in Resources */ = {isa = PBXBuildFile; fileRef = D8E2E76C1CF84E1D005B444F /* Assets.xcassets */; };
		D8E2E7701CF84E1D005B444F /* LaunchScreen.storyboard in Resources */ = {isa = PBXBuildFile; fileRef = D8E2E76E1CF84E1D005B444F /* LaunchScreen.storyboard */; };
		D8E2E77B1CF84E1E005B444F /* RACustomCameraSwiftTests.swift in Sources */ = {isa = PBXBuildFile; fileRef = D8E2E77A1CF84E1E005B444F /* RACustomCameraSwiftTests.swift */; };
		D8E2E7861CF84E1E005B444F /* RACustomCameraSwiftUITests.swift in Sources */ = {isa = PBXBuildFile; fileRef = D8E2E7851CF84E1E005B444F /* RACustomCameraSwiftUITests.swift */; };
		D8E2E7951CF85192005B444F /* RACustomCamera.swift in Sources */ = {isa = PBXBuildFile; fileRef = D8E2E7941CF85192005B444F /* RACustomCamera.swift */; };
/* End PBXBuildFile section */

/* Begin PBXContainerItemProxy section */
		D8E2E7771CF84E1E005B444F /* PBXContainerItemProxy */ = {
			isa = PBXContainerItemProxy;
			containerPortal = D8E2E75A1CF84E1C005B444F /* Project object */;
			proxyType = 1;
			remoteGlobalIDString = D8E2E7611CF84E1D005B444F;
			remoteInfo = RACustomCameraSwift;
		};
		D8E2E7821CF84E1E005B444F /* PBXContainerItemProxy */ = {
			isa = PBXContainerItemProxy;
			containerPortal = D8E2E75A1CF84E1C005B444F /* Project object */;
			proxyType = 1;
			remoteGlobalIDString = D8E2E7611CF84E1D005B444F;
			remoteInfo = RACustomCameraSwift;
		};
/* End PBXContainerItemProxy section */

/* Begin PBXFileReference section */
		252A381EE0227D6FB7788278 /* Pods_RACustomCameraSwift.framework */ = {isa = PBXFileReference; explicitFileType = wrapper.framework; includeInIndex = 0; path = Pods_RACustomCameraSwift.framework; sourceTree = BUILT_PRODUCTS_DIR; };
		5C08FB9C1D051B0C007905AF /* RACustomCamera+RAExtension.swift */ = {isa = PBXFileReference; fileEncoding = 4; lastKnownFileType = sourcecode.swift; path = "RACustomCamera+RAExtension.swift"; sourceTree = "<group>"; };
		5C08FB9E1D058964007905AF /* RACustomCameraSwift-Bridging-Header.h */ = {isa = PBXFileReference; lastKnownFileType = sourcecode.c.h; path = "RACustomCameraSwift-Bridging-Header.h"; sourceTree = "<group>"; };
		68DEA3628D2F00E46199F71A /* Pods-RACustomCameraSwift.release.xcconfig */ = {isa = PBXFileReference; includeInIndex = 1; lastKnownFileType = text.xcconfig; name = "Pods-RACustomCameraSwift.release.xcconfig"; path = "Pods/Target Support Files/Pods-RACustomCameraSwift/Pods-RACustomCameraSwift.release.xcconfig"; sourceTree = "<group>"; };
		A425393DDE703EBCE2A9444A /* Pods-RACustomCameraSwift.debug.xcconfig */ = {isa = PBXFileReference; includeInIndex = 1; lastKnownFileType = text.xcconfig; name = "Pods-RACustomCameraSwift.debug.xcconfig"; path = "Pods/Target Support Files/Pods-RACustomCameraSwift/Pods-RACustomCameraSwift.debug.xcconfig"; sourceTree = "<group>"; };
		D81E94931D0170A500251F86 /* RAAuthorizationStatusTool.swift */ = {isa = PBXFileReference; fileEncoding = 4; lastKnownFileType = sourcecode.swift; path = RAAuthorizationStatusTool.swift; sourceTree = "<group>"; };
		D84603061CFBE75A000AAE83 /* RAConstant.swift */ = {isa = PBXFileReference; fileEncoding = 4; lastKnownFileType = sourcecode.swift; path = RAConstant.swift; sourceTree = "<group>"; };
		D84603081CFD5F7E000AAE83 /* RAPhotoSaveTool.swift */ = {isa = PBXFileReference; fileEncoding = 4; lastKnownFileType = sourcecode.swift; path = RAPhotoSaveTool.swift; sourceTree = "<group>"; };
		D846030A1CFD616E000AAE83 /* PhotosUI.framework */ = {isa = PBXFileReference; lastKnownFileType = wrapper.framework; name = PhotosUI.framework; path = System/Library/Frameworks/PhotosUI.framework; sourceTree = SDKROOT; };
		D846030C1CFD617E000AAE83 /* Photos.framework */ = {isa = PBXFileReference; lastKnownFileType = wrapper.framework; name = Photos.framework; path = System/Library/Frameworks/Photos.framework; sourceTree = SDKROOT; };
		D8E2E7621CF84E1D005B444F /* RACustomCameraSwift.app */ = {isa = PBXFileReference; explicitFileType = wrapper.application; includeInIndex = 0; path = RACustomCameraSwift.app; sourceTree = BUILT_PRODUCTS_DIR; };
		D8E2E7651CF84E1D005B444F /* AppDelegate.swift */ = {isa = PBXFileReference; lastKnownFileType = sourcecode.swift; path = AppDelegate.swift; sourceTree = "<group>"; };
		D8E2E7671CF84E1D005B444F /* ViewController.swift */ = {isa = PBXFileReference; lastKnownFileType = sourcecode.swift; path = ViewController.swift; sourceTree = "<group>"; };
		D8E2E76A1CF84E1D005B444F /* Base */ = {isa = PBXFileReference; lastKnownFileType = file.storyboard; name = Base; path = Base.lproj/Main.storyboard; sourceTree = "<group>"; };
		D8E2E76C1CF84E1D005B444F /* Assets.xcassets */ = {isa = PBXFileReference; lastKnownFileType = folder.assetcatalog; path = Assets.xcassets; sourceTree = "<group>"; };
		D8E2E76F1CF84E1D005B444F /* Base */ = {isa = PBXFileReference; lastKnownFileType = file.storyboard; name = Base; path = Base.lproj/LaunchScreen.storyboard; sourceTree = "<group>"; };
		D8E2E7711CF84E1D005B444F /* Info.plist */ = {isa = PBXFileReference; lastKnownFileType = text.plist.xml; path = Info.plist; sourceTree = "<group>"; };
		D8E2E7761CF84E1E005B444F /* RACustomCameraSwiftTests.xctest */ = {isa = PBXFileReference; explicitFileType = wrapper.cfbundle; includeInIndex = 0; path = RACustomCameraSwiftTests.xctest; sourceTree = BUILT_PRODUCTS_DIR; };
		D8E2E77A1CF84E1E005B444F /* RACustomCameraSwiftTests.swift */ = {isa = PBXFileReference; lastKnownFileType = sourcecode.swift; path = RACustomCameraSwiftTests.swift; sourceTree = "<group>"; };
		D8E2E77C1CF84E1E005B444F /* Info.plist */ = {isa = PBXFileReference; lastKnownFileType = text.plist.xml; path = Info.plist; sourceTree = "<group>"; };
		D8E2E7811CF84E1E005B444F /* RACustomCameraSwiftUITests.xctest */ = {isa = PBXFileReference; explicitFileType = wrapper.cfbundle; includeInIndex = 0; path = RACustomCameraSwiftUITests.xctest; sourceTree = BUILT_PRODUCTS_DIR; };
		D8E2E7851CF84E1E005B444F /* RACustomCameraSwiftUITests.swift */ = {isa = PBXFileReference; lastKnownFileType = sourcecode.swift; path = RACustomCameraSwiftUITests.swift; sourceTree = "<group>"; };
		D8E2E7871CF84E1E005B444F /* Info.plist */ = {isa = PBXFileReference; lastKnownFileType = text.plist.xml; path = Info.plist; sourceTree = "<group>"; };
		D8E2E7941CF85192005B444F /* RACustomCamera.swift */ = {isa = PBXFileReference; fileEncoding = 4; lastKnownFileType = sourcecode.swift; path = RACustomCamera.swift; sourceTree = "<group>"; };
/* End PBXFileReference section */

/* Begin PBXFrameworksBuildPhase section */
		D8E2E75F1CF84E1D005B444F /* Frameworks */ = {
			isa = PBXFrameworksBuildPhase;
			buildActionMask = 2147483647;
			files = (
				D846030D1CFD617E000AAE83 /* Photos.framework in Frameworks */,
				D846030B1CFD616E000AAE83 /* PhotosUI.framework in Frameworks */,
			);
			runOnlyForDeploymentPostprocessing = 0;
		};
		D8E2E7731CF84E1E005B444F /* Frameworks */ = {
			isa = PBXFrameworksBuildPhase;
			buildActionMask = 2147483647;
			files = (
			);
			runOnlyForDeploymentPostprocessing = 0;
		};
		D8E2E77E1CF84E1E005B444F /* Frameworks */ = {
			isa = PBXFrameworksBuildPhase;
			buildActionMask = 2147483647;
			files = (
			);
			runOnlyForDeploymentPostprocessing = 0;
		};
/* End PBXFrameworksBuildPhase section */

/* Begin PBXGroup section */
		0B87DAFE1713C3B3A0015EFD /* Pods */ = {
			isa = PBXGroup;
			children = (
				A425393DDE703EBCE2A9444A /* Pods-RACustomCameraSwift.debug.xcconfig */,
				68DEA3628D2F00E46199F71A /* Pods-RACustomCameraSwift.release.xcconfig */,
			);
			name = Pods;
			sourceTree = "<group>";
		};
		D82ACCF900396C8315CE1FB3 /* Frameworks */ = {
			isa = PBXGroup;
			children = (
				252A381EE0227D6FB7788278 /* Pods_RACustomCameraSwift.framework */,
			);
			name = Frameworks;
			sourceTree = "<group>";
		};
		D8E2E7591CF84E1C005B444F = {
			isa = PBXGroup;
			children = (
				D8E2E7641CF84E1D005B444F /* RACustomCameraSwift */,
				D8E2E7791CF84E1E005B444F /* RACustomCameraSwiftTests */,
				D8E2E7841CF84E1E005B444F /* RACustomCameraSwiftUITests */,
				D8E2E7631CF84E1D005B444F /* Products */,
				0B87DAFE1713C3B3A0015EFD /* Pods */,
				D82ACCF900396C8315CE1FB3 /* Frameworks */,
			);
			sourceTree = "<group>";
		};
		D8E2E7631CF84E1D005B444F /* Products */ = {
			isa = PBXGroup;
			children = (
				D8E2E7621CF84E1D005B444F /* RACustomCameraSwift.app */,
				D8E2E7761CF84E1E005B444F /* RACustomCameraSwiftTests.xctest */,
				D8E2E7811CF84E1E005B444F /* RACustomCameraSwiftUITests.xctest */,
			);
			name = Products;
			sourceTree = "<group>";
		};
		D8E2E7641CF84E1D005B444F /* RACustomCameraSwift */ = {
			isa = PBXGroup;
			children = (
				D8E2E7931CF85157005B444F /* RACustomCamera */,
				D8E2E7651CF84E1D005B444F /* AppDelegate.swift */,
				D8E2E7671CF84E1D005B444F /* ViewController.swift */,
				D8E2E7691CF84E1D005B444F /* Main.storyboard */,
				D8E2E76C1CF84E1D005B444F /* Assets.xcassets */,
				D8E2E76E1CF84E1D005B444F /* LaunchScreen.storyboard */,
				D8E2E7711CF84E1D005B444F /* Info.plist */,
			);
			path = RACustomCameraSwift;
			sourceTree = "<group>";
		};
		D8E2E7791CF84E1E005B444F /* RACustomCameraSwiftTests */ = {
			isa = PBXGroup;
			children = (
				D846030C1CFD617E000AAE83 /* Photos.framework */,
				D846030A1CFD616E000AAE83 /* PhotosUI.framework */,
				D8E2E77A1CF84E1E005B444F /* RACustomCameraSwiftTests.swift */,
				D8E2E77C1CF84E1E005B444F /* Info.plist */,
			);
			path = RACustomCameraSwiftTests;
			sourceTree = "<group>";
		};
		D8E2E7841CF84E1E005B444F /* RACustomCameraSwiftUITests */ = {
			isa = PBXGroup;
			children = (
				D8E2E7851CF84E1E005B444F /* RACustomCameraSwiftUITests.swift */,
				D8E2E7871CF84E1E005B444F /* Info.plist */,
			);
			path = RACustomCameraSwiftUITests;
			sourceTree = "<group>";
		};
		D8E2E7931CF85157005B444F /* RACustomCamera */ = {
			isa = PBXGroup;
			children = (
				D84603061CFBE75A000AAE83 /* RAConstant.swift */,
				D8E2E7941CF85192005B444F /* RACustomCamera.swift */,
				D84603081CFD5F7E000AAE83 /* RAPhotoSaveTool.swift */,
				D81E94931D0170A500251F86 /* RAAuthorizationStatusTool.swift */,
				5C08FB9C1D051B0C007905AF /* RACustomCamera+RAExtension.swift */,
				5C08FB9E1D058964007905AF /* RACustomCameraSwift-Bridging-Header.h */,
			);
			path = RACustomCamera;
			sourceTree = "<group>";
		};
/* End PBXGroup section */

/* Begin PBXNativeTarget section */
		D8E2E7611CF84E1D005B444F /* RACustomCameraSwift */ = {
			isa = PBXNativeTarget;
			buildConfigurationList = D8E2E78A1CF84E1E005B444F /* Build configuration list for PBXNativeTarget "RACustomCameraSwift" */;
			buildPhases = (
				D8E2E75E1CF84E1D005B444F /* Sources */,
				D8E2E75F1CF84E1D005B444F /* Frameworks */,
				D8E2E7601CF84E1D005B444F /* Resources */,
			);
			buildRules = (
			);
			dependencies = (
			);
			name = RACustomCameraSwift;
			productName = RACustomCameraSwift;
			productReference = D8E2E7621CF84E1D005B444F /* RACustomCameraSwift.app */;
			productType = "com.apple.product-type.application";
		};
		D8E2E7751CF84E1E005B444F /* RACustomCameraSwiftTests */ = {
			isa = PBXNativeTarget;
			buildConfigurationList = D8E2E78D1CF84E1E005B444F /* Build configuration list for PBXNativeTarget "RACustomCameraSwiftTests" */;
			buildPhases = (
				D8E2E7721CF84E1E005B444F /* Sources */,
				D8E2E7731CF84E1E005B444F /* Frameworks */,
				D8E2E7741CF84E1E005B444F /* Resources */,
			);
			buildRules = (
			);
			dependencies = (
				D8E2E7781CF84E1E005B444F /* PBXTargetDependency */,
			);
			name = RACustomCameraSwiftTests;
			productName = RACustomCameraSwiftTests;
			productReference = D8E2E7761CF84E1E005B444F /* RACustomCameraSwiftTests.xctest */;
			productType = "com.apple.product-type.bundle.unit-test";
		};
		D8E2E7801CF84E1E005B444F /* RACustomCameraSwiftUITests */ = {
			isa = PBXNativeTarget;
			buildConfigurationList = D8E2E7901CF84E1E005B444F /* Build configuration list for PBXNativeTarget "RACustomCameraSwiftUITests" */;
			buildPhases = (
				D8E2E77D1CF84E1E005B444F /* Sources */,
				D8E2E77E1CF84E1E005B444F /* Frameworks */,
				D8E2E77F1CF84E1E005B444F /* Resources */,
			);
			buildRules = (
			);
			dependencies = (
				D8E2E7831CF84E1E005B444F /* PBXTargetDependency */,
			);
			name = RACustomCameraSwiftUITests;
			productName = RACustomCameraSwiftUITests;
			productReference = D8E2E7811CF84E1E005B444F /* RACustomCameraSwiftUITests.xctest */;
			productType = "com.apple.product-type.bundle.ui-testing";
		};
/* End PBXNativeTarget section */

/* Begin PBXProject section */
		D8E2E75A1CF84E1C005B444F /* Project object */ = {
			isa = PBXProject;
			attributes = {
				CLASSPREFIX = RA;
				LastSwiftUpdateCheck = 0730;
				LastUpgradeCheck = 0730;
				ORGANIZATIONNAME = RockyAo;
				TargetAttributes = {
					D8E2E7611CF84E1D005B444F = {
						CreatedOnToolsVersion = 7.3.1;
					};
					D8E2E7751CF84E1E005B444F = {
						CreatedOnToolsVersion = 7.3.1;
						TestTargetID = D8E2E7611CF84E1D005B444F;
					};
					D8E2E7801CF84E1E005B444F = {
						CreatedOnToolsVersion = 7.3.1;
						TestTargetID = D8E2E7611CF84E1D005B444F;
					};
				};
			};
			buildConfigurationList = D8E2E75D1CF84E1C005B444F /* Build configuration list for PBXProject "RACustomCameraSwift" */;
			compatibilityVersion = "Xcode 3.2";
			developmentRegion = English;
			hasScannedForEncodings = 0;
			knownRegions = (
				en,
				Base,
			);
			mainGroup = D8E2E7591CF84E1C005B444F;
			productRefGroup = D8E2E7631CF84E1D005B444F /* Products */;
			projectDirPath = "";
			projectRoot = "";
			targets = (
				D8E2E7611CF84E1D005B444F /* RACustomCameraSwift */,
				D8E2E7751CF84E1E005B444F /* RACustomCameraSwiftTests */,
				D8E2E7801CF84E1E005B444F /* RACustomCameraSwiftUITests */,
			);
		};
/* End PBXProject section */

/* Begin PBXResourcesBuildPhase section */
		D8E2E7601CF84E1D005B444F /* Resources */ = {
			isa = PBXResourcesBuildPhase;
			buildActionMask = 2147483647;
			files = (
				D8E2E7701CF84E1D005B444F /* LaunchScreen.storyboard in Resources */,
				D8E2E76D1CF84E1D005B444F /* Assets.xcassets in Resources */,
				D8E2E76B1CF84E1D005B444F /* Main.storyboard in Resources */,
			);
			runOnlyForDeploymentPostprocessing = 0;
		};
		D8E2E7741CF84E1E005B444F /* Resources */ = {
			isa = PBXResourcesBuildPhase;
			buildActionMask = 2147483647;
			files = (
			);
			runOnlyForDeploymentPostprocessing = 0;
		};
		D8E2E77F1CF84E1E005B444F /* Resources */ = {
			isa = PBXResourcesBuildPhase;
			buildActionMask = 2147483647;
			files = (
			);
			runOnlyForDeploymentPostprocessing = 0;
		};
/* End PBXResourcesBuildPhase section */

/* Begin PBXSourcesBuildPhase section */
		D8E2E75E1CF84E1D005B444F /* Sources */ = {
			isa = PBXSourcesBuildPhase;
			buildActionMask = 2147483647;
			files = (
				D8E2E7681CF84E1D005B444F /* ViewController.swift in Sources */,
				D8E2E7661CF84E1D005B444F /* AppDelegate.swift in Sources */,
				5C08FB9D1D051B0C007905AF /* RACustomCamera+RAExtension.swift in Sources */,
				D8E2E7951CF85192005B444F /* RACustomCamera.swift in Sources */,
				D84603071CFBE75A000AAE83 /* RAConstant.swift in Sources */,
				D81E94941D0170A500251F86 /* RAAuthorizationStatusTool.swift in Sources */,
				D84603091CFD5F7E000AAE83 /* RAPhotoSaveTool.swift in Sources */,
			);
			runOnlyForDeploymentPostprocessing = 0;
		};
		D8E2E7721CF84E1E005B444F /* Sources */ = {
			isa = PBXSourcesBuildPhase;
			buildActionMask = 2147483647;
			files = (
				D8E2E77B1CF84E1E005B444F /* RACustomCameraSwiftTests.swift in Sources */,
			);
			runOnlyForDeploymentPostprocessing = 0;
		};
		D8E2E77D1CF84E1E005B444F /* Sources */ = {
			isa = PBXSourcesBuildPhase;
			buildActionMask = 2147483647;
			files = (
				D8E2E7861CF84E1E005B444F /* RACustomCameraSwiftUITests.swift in Sources */,
			);
			runOnlyForDeploymentPostprocessing = 0;
		};
/* End PBXSourcesBuildPhase section */

/* Begin PBXTargetDependency section */
		D8E2E7781CF84E1E005B444F /* PBXTargetDependency */ = {
			isa = PBXTargetDependency;
			target = D8E2E7611CF84E1D005B444F /* RACustomCameraSwift */;
			targetProxy = D8E2E7771CF84E1E005B444F /* PBXContainerItemProxy */;
		};
		D8E2E7831CF84E1E005B444F /* PBXTargetDependency */ = {
			isa = PBXTargetDependency;
			target = D8E2E7611CF84E1D005B444F /* RACustomCameraSwift */;
			targetProxy = D8E2E7821CF84E1E005B444F /* PBXContainerItemProxy */;
		};
/* End PBXTargetDependency section */

/* Begin PBXVariantGroup section */
		D8E2E7691CF84E1D005B444F /* Main.storyboard */ = {
			isa = PBXVariantGroup;
			children = (
				D8E2E76A1CF84E1D005B444F /* Base */,
			);
			name = Main.storyboard;
			sourceTree = "<group>";
		};
		D8E2E76E1CF84E1D005B444F /* LaunchScreen.storyboard */ = {
			isa = PBXVariantGroup;
			children = (
				D8E2E76F1CF84E1D005B444F /* Base */,
			);
			name = LaunchScreen.storyboard;
			sourceTree = "<group>";
		};
/* End PBXVariantGroup section */

/* Begin XCBuildConfiguration section */
		D8E2E7881CF84E1E005B444F /* Debug */ = {
			isa = XCBuildConfiguration;
			buildSettings = {
				ALWAYS_SEARCH_USER_PATHS = NO;
				CLANG_ANALYZER_NONNULL = YES;
				CLANG_CXX_LANGUAGE_STANDARD = "gnu++0x";
				CLANG_CXX_LIBRARY = "libc++";
				CLANG_ENABLE_MODULES = YES;
				CLANG_ENABLE_OBJC_ARC = YES;
				CLANG_WARN_BOOL_CONVERSION = YES;
				CLANG_WARN_CONSTANT_CONVERSION = YES;
				CLANG_WARN_DIRECT_OBJC_ISA_USAGE = YES_ERROR;
				CLANG_WARN_EMPTY_BODY = YES;
				CLANG_WARN_ENUM_CONVERSION = YES;
				CLANG_WARN_INT_CONVERSION = YES;
				CLANG_WARN_OBJC_ROOT_CLASS = YES_ERROR;
				CLANG_WARN_UNREACHABLE_CODE = YES;
				CLANG_WARN__DUPLICATE_METHOD_MATCH = YES;
				"CODE_SIGN_IDENTITY[sdk=iphoneos*]" = "iPhone Developer";
				COPY_PHASE_STRIP = NO;
				DEBUG_INFORMATION_FORMAT = dwarf;
				ENABLE_STRICT_OBJC_MSGSEND = YES;
				ENABLE_TESTABILITY = YES;
				GCC_C_LANGUAGE_STANDARD = gnu99;
				GCC_DYNAMIC_NO_PIC = NO;
				GCC_NO_COMMON_BLOCKS = YES;
				GCC_OPTIMIZATION_LEVEL = 0;
				GCC_PREPROCESSOR_DEFINITIONS = (
					"DEBUG=1",
					"$(inherited)",
				);
				GCC_WARN_64_TO_32_BIT_CONVERSION = YES;
				GCC_WARN_ABOUT_RETURN_TYPE = YES_ERROR;
				GCC_WARN_UNDECLARED_SELECTOR = YES;
				GCC_WARN_UNINITIALIZED_AUTOS = YES_AGGRESSIVE;
				GCC_WARN_UNUSED_FUNCTION = YES;
				GCC_WARN_UNUSED_VARIABLE = YES;
				IPHONEOS_DEPLOYMENT_TARGET = 9.3;
				MTL_ENABLE_DEBUG_INFO = YES;
				ONLY_ACTIVE_ARCH = YES;
				SDKROOT = iphoneos;
				SWIFT_OPTIMIZATION_LEVEL = "-Onone";
			};
			name = Debug;
		};
		D8E2E7891CF84E1E005B444F /* Release */ = {
			isa = XCBuildConfiguration;
			buildSettings = {
				ALWAYS_SEARCH_USER_PATHS = NO;
				CLANG_ANALYZER_NONNULL = YES;
				CLANG_CXX_LANGUAGE_STANDARD = "gnu++0x";
				CLANG_CXX_LIBRARY = "libc++";
				CLANG_ENABLE_MODULES = YES;
				CLANG_ENABLE_OBJC_ARC = YES;
				CLANG_WARN_BOOL_CONVERSION = YES;
				CLANG_WARN_CONSTANT_CONVERSION = YES;
				CLANG_WARN_DIRECT_OBJC_ISA_USAGE = YES_ERROR;
				CLANG_WARN_EMPTY_BODY = YES;
				CLANG_WARN_ENUM_CONVERSION = YES;
				CLANG_WARN_INT_CONVERSION = YES;
				CLANG_WARN_OBJC_ROOT_CLASS = YES_ERROR;
				CLANG_WARN_UNREACHABLE_CODE = YES;
				CLANG_WARN__DUPLICATE_METHOD_MATCH = YES;
				"CODE_SIGN_IDENTITY[sdk=iphoneos*]" = "iPhone Developer";
				COPY_PHASE_STRIP = NO;
				DEBUG_INFORMATION_FORMAT = "dwarf-with-dsym";
				ENABLE_NS_ASSERTIONS = NO;
				ENABLE_STRICT_OBJC_MSGSEND = YES;
				GCC_C_LANGUAGE_STANDARD = gnu99;
				GCC_NO_COMMON_BLOCKS = YES;
				GCC_WARN_64_TO_32_BIT_CONVERSION = YES;
				GCC_WARN_ABOUT_RETURN_TYPE = YES_ERROR;
				GCC_WARN_UNDECLARED_SELECTOR = YES;
				GCC_WARN_UNINITIALIZED_AUTOS = YES_AGGRESSIVE;
				GCC_WARN_UNUSED_FUNCTION = YES;
				GCC_WARN_UNUSED_VARIABLE = YES;
				IPHONEOS_DEPLOYMENT_TARGET = 9.3;
				MTL_ENABLE_DEBUG_INFO = NO;
				SDKROOT = iphoneos;
				VALIDATE_PRODUCT = YES;
			};
			name = Release;
		};
		D8E2E78B1CF84E1E005B444F /* Debug */ = {
			isa = XCBuildConfiguration;
			baseConfigurationReference = A425393DDE703EBCE2A9444A /* Pods-RACustomCameraSwift.debug.xcconfig */;
			buildSettings = {
				ASSETCATALOG_COMPILER_APPICON_NAME = AppIcon;
				CLANG_ENABLE_MODULES = YES;
				INFOPLIST_FILE = RACustomCameraSwift/Info.plist;
				IPHONEOS_DEPLOYMENT_TARGET = 8.0;
				LD_RUNPATH_SEARCH_PATHS = "$(inherited) @executable_path/Frameworks";
				"OTHER_SWIFT_FLAGS[arch=*]" = "-D DEBUG";
				PRODUCT_BUNDLE_IDENTIFIER = com.RA.RACustomCameraSwift;
				PRODUCT_NAME = "$(TARGET_NAME)";
				SWIFT_OBJC_BRIDGING_HEADER = "RACustomCameraSwift/RACustomCamera/RACustomCameraSwift-Bridging-Header.h";
				SWIFT_OPTIMIZATION_LEVEL = "-Onone";
			};
			name = Debug;
		};
		D8E2E78C1CF84E1E005B444F /* Release */ = {
			isa = XCBuildConfiguration;
			baseConfigurationReference = 68DEA3628D2F00E46199F71A /* Pods-RACustomCameraSwift.release.xcconfig */;
			buildSettings = {
				ASSETCATALOG_COMPILER_APPICON_NAME = AppIcon;
				CLANG_ENABLE_MODULES = YES;
				INFOPLIST_FILE = RACustomCameraSwift/Info.plist;
				IPHONEOS_DEPLOYMENT_TARGET = 8.0;
				LD_RUNPATH_SEARCH_PATHS = "$(inherited) @executable_path/Frameworks";
				PRODUCT_BUNDLE_IDENTIFIER = com.RA.RACustomCameraSwift;
				PRODUCT_NAME = "$(TARGET_NAME)";
				SWIFT_OBJC_BRIDGING_HEADER = "RACustomCameraSwift/RACustomCamera/RACustomCameraSwift-Bridging-Header.h";
			};
			name = Release;
		};
		D8E2E78E1CF84E1E005B444F /* Debug */ = {
			isa = XCBuildConfiguration;
			buildSettings = {
				BUNDLE_LOADER = "$(TEST_HOST)";
				INFOPLIST_FILE = RACustomCameraSwiftTests/Info.plist;
				LD_RUNPATH_SEARCH_PATHS = "$(inherited) @executable_path/Frameworks @loader_path/Frameworks";
				PRODUCT_BUNDLE_IDENTIFIER = com.RA.RACustomCameraSwiftTests;
				PRODUCT_NAME = "$(TARGET_NAME)";
				TEST_HOST = "$(BUILT_PRODUCTS_DIR)/RACustomCameraSwift.app/RACustomCameraSwift";
			};
			name = Debug;
		};
		D8E2E78F1CF84E1E005B444F /* Release */ = {
			isa = XCBuildConfiguration;
			buildSettings = {
				BUNDLE_LOADER = "$(TEST_HOST)";
				INFOPLIST_FILE = RACustomCameraSwiftTests/Info.plist;
				LD_RUNPATH_SEARCH_PATHS = "$(inherited) @executable_path/Frameworks @loader_path/Frameworks";
				PRODUCT_BUNDLE_IDENTIFIER = com.RA.RACustomCameraSwiftTests;
				PRODUCT_NAME = "$(TARGET_NAME)";
				TEST_HOST = "$(BUILT_PRODUCTS_DIR)/RACustomCameraSwift.app/RACustomCameraSwift";
			};
			name = Release;
		};
		D8E2E7911CF84E1E005B444F /* Debug */ = {
			isa = XCBuildConfiguration;
			buildSettings = {
				INFOPLIST_FILE = RACustomCameraSwiftUITests/Info.plist;
				LD_RUNPATH_SEARCH_PATHS = "$(inherited) @executable_path/Frameworks @loader_path/Frameworks";
				PRODUCT_BUNDLE_IDENTIFIER = com.RA.RACustomCameraSwiftUITests;
				PRODUCT_NAME = "$(TARGET_NAME)";
				TEST_TARGET_NAME = RACustomCameraSwift;
			};
			name = Debug;
		};
		D8E2E7921CF84E1E005B444F /* Release */ = {
			isa = XCBuildConfiguration;
			buildSettings = {
				INFOPLIST_FILE = RACustomCameraSwiftUITests/Info.plist;
				LD_RUNPATH_SEARCH_PATHS = "$(inherited) @executable_path/Frameworks @loader_path/Frameworks";
				PRODUCT_BUNDLE_IDENTIFIER = com.RA.RACustomCameraSwiftUITests;
				PRODUCT_NAME = "$(TARGET_NAME)";
				TEST_TARGET_NAME = RACustomCameraSwift;
			};
			name = Release;
		};
/* End XCBuildConfiguration section */

/* Begin XCConfigurationList section */
		D8E2E75D1CF84E1C005B444F /* Build configuration list for PBXProject "RACustomCameraSwift" */ = {
			isa = XCConfigurationList;
			buildConfigurations = (
				D8E2E7881CF84E1E005B444F /* Debug */,
				D8E2E7891CF84E1E005B444F /* Release */,
			);
			defaultConfigurationIsVisible = 0;
			defaultConfigurationName = Release;
		};
		D8E2E78A1CF84E1E005B444F /* Build configuration list for PBXNativeTarget "RACustomCameraSwift" */ = {
			isa = XCConfigurationList;
			buildConfigurations = (
				D8E2E78B1CF84E1E005B444F /* Debug */,
				D8E2E78C1CF84E1E005B444F /* Release */,
			);
			defaultConfigurationIsVisible = 0;
			defaultConfigurationName = Release;
		};
		D8E2E78D1CF84E1E005B444F /* Build configuration list for PBXNativeTarget "RACustomCameraSwiftTests" */ = {
			isa = XCConfigurationList;
			buildConfigurations = (
				D8E2E78E1CF84E1E005B444F /* Debug */,
				D8E2E78F1CF84E1E005B444F /* Release */,
			);
			defaultConfigurationIsVisible = 0;
			defaultConfigurationName = Release;
		};
		D8E2E7901CF84E1E005B444F /* Build configuration list for PBXNativeTarget "RACustomCameraSwiftUITests" */ = {
			isa = XCConfigurationList;
			buildConfigurations = (
				D8E2E7911CF84E1E005B444F /* Debug */,
				D8E2E7921CF84E1E005B444F /* Release */,
			);
			defaultConfigurationIsVisible = 0;
			defaultConfigurationName = Release;
		};
/* End XCConfigurationList section */
	};
	rootObject = D8E2E75A1CF84E1C005B444F /* Project object */;
}
